{
  "lockfileVersion": 1,
  "configVersion": 1,
  "workspaces": {
    "": {
      "name": "rbmk",
    },
    "packages/sim-core": {
      "name": "@rbmk/sim-core",
      "version": "0.1.0",
    },
    "packages/ui": {
      "name": "@rbmk/ui",
      "version": "0.1.0",
      "dependencies": {
        "@rbmk/sim-core": "workspace:*",
      },
    },
  },
  "packages": {
    "@rbmk/sim-core": ["@rbmk/sim-core@workspace:packages/sim-core"],

    "@rbmk/ui": ["@rbmk/ui@workspace:packages/ui"],
  }
}
